# This file is automatically @generated by Poetry 2.1.2 and should not be changed by hand.

[[package]]
name = "asgiref"
version = "3.8.1"
description = "ASGI specs, helper code, and adapters"
optional = false
python-versions = ">=3.8"
groups = ["main"]
files = [
    {file = "asgiref-3.8.1-py3-none-any.whl", hash = "sha256:3e1e3ecc849832fe52ccf2cb6686b7a55f82bb1d6aee72a58826471390335e47"},
    {file = "asgiref-3.8.1.tar.gz", hash = "sha256:c343bd80a0bec947a9860adb4c432ffa7db769836c64238fc34bdc3fec84d590"},
]

[package.dependencies]
typing-extensions = {version = ">=4", markers = "python_version < \"3.11\""}

[package.extras]
tests = ["mypy (>=0.800)", "pytest", "pytest-asyncio"]

[[package]]
name = "django"
version = "5.1.7"
description = "A high-level Python web framework that encourages rapid development and clean, pragmatic design."
optional = false
python-versions = ">=3.10"
groups = ["main"]
files = [
    {file = "Django-5.1.7-py3-none-any.whl", hash = "sha256:1323617cb624add820cb9611cdcc788312d250824f92ca6048fda8625514af2b"},
    {file = "Django-5.1.7.tar.gz", hash = "sha256:30de4ee43a98e5d3da36a9002f287ff400b43ca51791920bfb35f6917bfe041c"},
]

[package.dependencies]
asgiref = ">=3.8.1,<4"
sqlparse = ">=0.3.1"
tzdata = {version = "*", markers = "sys_platform == \"win32\""}

[package.extras]
argon2 = ["argon2-cffi (>=19.1.0)"]
bcrypt = ["bcrypt"]

[[package]]
name = "django-components"
version = "0.134"
description = "A way to create simple reusable template components in Django."
optional = false
python-versions = "<4.0,>=3.8"
groups = ["main"]
files = [
    {file = "django_components-0.134-py3-none-any.whl", hash = "sha256:985fa8c3536b6b82b3d41ccf7e4b3189b4ecd6ec429b3d60374c15c702d4f901"},
    {file = "django_components-0.134.tar.gz", hash = "sha256:7b73e86cab0e127cad0421742c286bf8d987923ea541c74f2a0891d65fb80072"},
]

[package.dependencies]
Django = ">=4.2"
djc-core-html-parser = ">=1.0.2"

[[package]]
name = "djc-core-html-parser"
version = "1.0.2"
description = "HTML parser used by django-components written in Rust."
optional = false
python-versions = "<4.0,>=3.8"
groups = ["main"]
files = [
    {file = "djc_core_html_parser-1.0.2-cp310-cp310-manylinux_2_17_aarch64.manylinux2014_aarch64.whl", hash = "sha256:941e1b8c44727f6c93a51e7ddcd375c1aa29feaebabf54dfe5362d9743b1b1d7"},
    {file = "djc_core_html_parser-1.0.2-cp310-cp310-manylinux_2_17_armv7l.manylinux2014_armv7l.whl", hash = "sha256:977f81afa4997b2f49325b7948582af28fd53e12f071e663a7c5f5b22bed667f"},
    {file = "djc_core_html_parser-1.0.2-cp310-cp310-manylinux_2_17_ppc64le.manylinux2014_ppc64le.whl", hash = "sha256:71248d43155c66c99f1ed0c8c96c6b1425eeab8108ce351ac87f341ff6dc8aa4"},
    {file = "djc_core_html_parser-1.0.2-cp310-cp310-manylinux_2_17_s390x.manylinux2014_s390x.whl", hash = "sha256:2e7fa4856b76788006b4729abb790b1cf623d8f18d50d1ac62c5d01a6117d88c"},
    {file = "djc_core_html_parser-1.0.2-cp310-cp310-manylinux_2_17_x86_64.manylinux2014_x86_64.whl", hash = "sha256:0e70096612b3e99e06a813888b6c06443b3e99b1058b1511b0c4ad284bb5bf5e"},
    {file = "djc_core_html_parser-1.0.2-cp310-cp310-manylinux_2_5_i686.manylinux1_i686.whl", hash = "sha256:e35443631e2f58545cf145e77ea174a970ba31da298a9014dc05330bc1f25c5a"},
    {file = "djc_core_html_parser-1.0.2-cp310-cp310-musllinux_1_2_aarch64.whl", hash = "sha256:00f096b0a3dd28d6cbddf6ca5f48c3a00a47408b87b5eb9b8145c7843fceb1a8"},
    {file = "djc_core_html_parser-1.0.2-cp310-cp310-musllinux_1_2_armv7l.whl", hash = "sha256:dd9991a7122be8b211460d06b2ba1f9f10e9a69191631d2cfcdc3dac18908f62"},
    {file = "djc_core_html_parser-1.0.2-cp310-cp310-musllinux_1_2_i686.whl", hash = "sha256:a058d6c0b16c35299e2b4a9d462da2e4775a66dc3171e9ac520c0d57efec7f86"},
    {file = "djc_core_html_parser-1.0.2-cp310-cp310-musllinux_1_2_x86_64.whl", hash = "sha256:31b0a873059e077ff75d65e30cf04fd34377f8b8d5678b312eeeec5724662693"},
    {file = "djc_core_html_parser-1.0.2-cp310-cp310-win32.whl", hash = "sha256:7e557881cee7ecad891bd18108d8dabb1076e7012f87752638542039710f5d0e"},
    {file = "djc_core_html_parser-1.0.2-cp310-cp310-win_amd64.whl", hash = "sha256:8931e9478184effbc3655eb0a3eb7c9d2cb70f7f4230f5fbfba7db7ceca7514d"},
    {file = "djc_core_html_parser-1.0.2-cp311-cp311-macosx_10_12_x86_64.whl", hash = "sha256:0024117a0767f80f64bb4cf54558a176a97c7a7a34cc85d623e77f851164a630"},
    {file = "djc_core_html_parser-1.0.2-cp311-cp311-macosx_11_0_arm64.whl", hash = "sha256:70e28f3071bd6bdd8a4c07696b733e70bc63a8574b28b36e6d5e3f4617590b4f"},
    {file = "djc_core_html_parser-1.0.2-cp311-cp311-manylinux_2_17_aarch64.manylinux2014_aarch64.whl", hash = "sha256:c1048ca511eef11cf738f3786bee1e161a089bfacc32ed6e3305e90216d6d734"},
    {file = "djc_core_html_parser-1.0.2-cp311-cp311-manylinux_2_17_armv7l.manylinux2014_armv7l.whl", hash = "sha256:f843fba5a9e99977122aa18e1957f60e9295f6b452c2af0706f821b8b16d52ca"},
    {file = "djc_core_html_parser-1.0.2-cp311-cp311-manylinux_2_17_ppc64le.manylinux2014_ppc64le.whl", hash = "sha256:0f1f01417f53260a024a7c444f053ce18423be7190e71fc0f3e876029ba1f5e8"},
    {file = "djc_core_html_parser-1.0.2-cp311-cp311-manylinux_2_17_s390x.manylinux2014_s390x.whl", hash = "sha256:908793ec6966a0dcd092b20e0b9d1ed4693e3f9d3085e78c3ba74ecf01baaa47"},
    {file = "djc_core_html_parser-1.0.2-cp311-cp311-manylinux_2_17_x86_64.manylinux2014_x86_64.whl", hash = "sha256:1dec77d10575846878b05d157d61d4024e8389079f8a672ce062ab4e7ced8f64"},
    {file = "djc_core_html_parser-1.0.2-cp311-cp311-manylinux_2_5_i686.manylinux1_i686.whl", hash = "sha256:6777784e58f13a3762ecf80397757cb60bea9515d98984b37921d804bace6252"},
    {file = "djc_core_html_parser-1.0.2-cp311-cp311-musllinux_1_2_aarch64.whl", hash = "sha256:83cd6559980ddc55d2ef12a948ff97606ee81cb4e316bb6bbcf04cf782fca52e"},
    {file = "djc_core_html_parser-1.0.2-cp311-cp311-musllinux_1_2_armv7l.whl", hash = "sha256:80feb080242bebad4de0b67fb5c4d113e0ea0a7022b02b1d61f8f3faa0f742c0"},
    {file = "djc_core_html_parser-1.0.2-cp311-cp311-musllinux_1_2_i686.whl", hash = "sha256:6fb2b2ebfdb5e3bcf9bf0a1c6de437478e690f20bfb31941b9cf986b8bda8e9d"},
    {file = "djc_core_html_parser-1.0.2-cp311-cp311-musllinux_1_2_x86_64.whl", hash = "sha256:82c19e6e545b264045ad0c5367eceb9c7c3391ca7b9537077321e8408b1fb9eb"},
    {file = "djc_core_html_parser-1.0.2-cp311-cp311-win32.whl", hash = "sha256:fd144013a4fd6f90035cf97c018168cac23a3b50c79fe46545cdd24527ffa47e"},
    {file = "djc_core_html_parser-1.0.2-cp311-cp311-win_amd64.whl", hash = "sha256:a236956854c6bfe68754e11cbec6e46b2c47dc7df1246121499e96c54998dcd5"},
    {file = "djc_core_html_parser-1.0.2-cp312-cp312-macosx_10_12_x86_64.whl", hash = "sha256:7a6588f6f3ac7f825ebd70ed0fd348ffcbb71b67a6b97a9f0918abc951c026b1"},
    {file = "djc_core_html_parser-1.0.2-cp312-cp312-macosx_11_0_arm64.whl", hash = "sha256:72af514de25754c6c0707217251bed43cbbd2727c5e1c30951778e8834917c96"},
    {file = "djc_core_html_parser-1.0.2-cp312-cp312-manylinux_2_17_aarch64.manylinux2014_aarch64.whl", hash = "sha256:f89a736c221ded75d94ca12258fb5447429bc0376abcf33e940b81a7a5392776"},
    {file = "djc_core_html_parser-1.0.2-cp312-cp312-manylinux_2_17_armv7l.manylinux2014_armv7l.whl", hash = "sha256:cf9003ec550616b2d8721f00c4c27c1c5d30500ba9f308f5e91a37525443b09b"},
    {file = "djc_core_html_parser-1.0.2-cp312-cp312-manylinux_2_17_ppc64le.manylinux2014_ppc64le.whl", hash = "sha256:0ad02194a500a72a4715403796e51e7b31bbe36ed2e15260467e51a4378013ed"},
    {file = "djc_core_html_parser-1.0.2-cp312-cp312-manylinux_2_17_s390x.manylinux2014_s390x.whl", hash = "sha256:e803b4e2c6d54a806c37b8eb93c0e4ef2ffca183b8ec5c20ccb4bfd162ff5161"},
    {file = "djc_core_html_parser-1.0.2-cp312-cp312-manylinux_2_17_x86_64.manylinux2014_x86_64.whl", hash = "sha256:e111631f773ce128854cc01ad197b555f2ffef1eb46ab46c1377df65e8fc59b2"},
    {file = "djc_core_html_parser-1.0.2-cp312-cp312-manylinux_2_5_i686.manylinux1_i686.whl", hash = "sha256:0778e4c43636882a070ab2955e9374cd152beebac75b91f9c2e5afbc474532c3"},
    {file = "djc_core_html_parser-1.0.2-cp312-cp312-musllinux_1_2_aarch64.whl", hash = "sha256:84b47cdcb695b0dbcef36f3dc67ff5b8c4bd8a9c4f9d70caf175fce8a4101787"},
    {file = "djc_core_html_parser-1.0.2-cp312-cp312-musllinux_1_2_armv7l.whl", hash = "sha256:cf31a0aa1449d7b5031e9f325225fba135899478b65cb49342c8260457aec4c4"},
    {file = "djc_core_html_parser-1.0.2-cp312-cp312-musllinux_1_2_i686.whl", hash = "sha256:13faa923b650189a62311bd083181656fc90c3326af47a95ba532b0831db7971"},
    {file = "djc_core_html_parser-1.0.2-cp312-cp312-musllinux_1_2_x86_64.whl", hash = "sha256:3d2fd9839321f645b6a7a27c1ac1ffab9a39d8262f6a2fa8570a12a27fe110f2"},
    {file = "djc_core_html_parser-1.0.2-cp312-cp312-win32.whl", hash = "sha256:8c3add44f133c92db99e911a043c303991b3ee2e6fe562e66fef4109d7b8c49b"},
    {file = "djc_core_html_parser-1.0.2-cp312-cp312-win_amd64.whl", hash = "sha256:0c1d80854de1e419fef6474eee7018a5969ca6ed57cbcf1e8c909d387cf69654"},
    {file = "djc_core_html_parser-1.0.2-cp313-cp313-macosx_10_12_x86_64.whl", hash = "sha256:7afb8054d4d6e14fe3965c3f45d2553bebd83fb8b38d1c7006aebd7af22b3653"},
    {file = "djc_core_html_parser-1.0.2-cp313-cp313-macosx_11_0_arm64.whl", hash = "sha256:803c73f99ff644ab9961755b80143c4edeaa6ee88fc0faa0d887dadf3a26ad35"},
    {file = "djc_core_html_parser-1.0.2-cp313-cp313-manylinux_2_17_aarch64.manylinux2014_aarch64.whl", hash = "sha256:7b33636e8ed5615b4b7500428b69a30a3857ca050be7d350fbc57c8a025021b7"},
    {file = "djc_core_html_parser-1.0.2-cp313-cp313-manylinux_2_17_armv7l.manylinux2014_armv7l.whl", hash = "sha256:9a970c25f38f0cf59a2a6595b8a6834a514d5edee26e80170c65ca4a8ae41f0b"},
    {file = "djc_core_html_parser-1.0.2-cp313-cp313-manylinux_2_17_ppc64le.manylinux2014_ppc64le.whl", hash = "sha256:93e99c4b3007d4bfa5dc239a7693e9c6edce5605436fd7dab612758a187c0020"},
    {file = "djc_core_html_parser-1.0.2-cp313-cp313-manylinux_2_17_s390x.manylinux2014_s390x.whl", hash = "sha256:c5d8383126709abfad1ace658a8aefa72f9e56d77b1818929adad9066ac91594"},
    {file = "djc_core_html_parser-1.0.2-cp313-cp313-manylinux_2_17_x86_64.manylinux2014_x86_64.whl", hash = "sha256:039c01b06f8ba01845ffdc09b21a5ee998141ff9b673c8b6fa6570e7531a8f10"},
    {file = "djc_core_html_parser-1.0.2-cp313-cp313-manylinux_2_5_i686.manylinux1_i686.whl", hash = "sha256:cb9f839b226183214becad4355e3d5281ae78b4c5517fa77a552cd29cdbddc63"},
    {file = "djc_core_html_parser-1.0.2-cp313-cp313-musllinux_1_2_aarch64.whl", hash = "sha256:b296121c15e373c2569229907fb4f56ab01b184797215b2ad1bede2051900b08"},
    {file = "djc_core_html_parser-1.0.2-cp313-cp313-musllinux_1_2_armv7l.whl", hash = "sha256:23d834e4a91c3c96ba503bbf49bfd49b29f1f8f7437353cdeb5ec5988cc0562f"},
    {file = "djc_core_html_parser-1.0.2-cp313-cp313-musllinux_1_2_i686.whl", hash = "sha256:6d0aa795126db1c495120076cb972fc8d6fbc63295d0011512e235cfaf5e4a78"},
    {file = "djc_core_html_parser-1.0.2-cp313-cp313-musllinux_1_2_x86_64.whl", hash = "sha256:caa2651dbf3600d01685adb4f71520edfc0aba7ce7833608f332a2901d366d51"},
    {file = "djc_core_html_parser-1.0.2-cp313-cp313-win32.whl", hash = "sha256:4d448ae5f64019af11cb92bd8e551fee75965e9d01822e8d392077e92036edea"},
    {file = "djc_core_html_parser-1.0.2-cp313-cp313-win_amd64.whl", hash = "sha256:c1091c414b662b3f8dd448153c2a69b735c53fca9e64c1b7cc9750a103297ae2"},
    {file = "djc_core_html_parser-1.0.2-cp38-cp38-manylinux_2_17_aarch64.manylinux2014_aarch64.whl", hash = "sha256:8f608929d174f542a9bfa6eedb1f1a5c740344f47000dd4e18926ae6ae277051"},
    {file = "djc_core_html_parser-1.0.2-cp38-cp38-manylinux_2_17_armv7l.manylinux2014_armv7l.whl", hash = "sha256:f0b5cab616f63ed766ba4b9ac3685ecde57de22aa0afe8a1a077fed9ce7496fa"},
    {file = "djc_core_html_parser-1.0.2-cp38-cp38-manylinux_2_17_ppc64le.manylinux2014_ppc64le.whl", hash = "sha256:cef15121305d41297c4b8d6ff476ce19abee64898d4e6846a6ffc65d7f1b635c"},
    {file = "djc_core_html_parser-1.0.2-cp38-cp38-manylinux_2_17_s390x.manylinux2014_s390x.whl", hash = "sha256:2b7b777a9d2479c3d8a9698886556cac682ea94d4ddbb3d3dce3471e1fdb9966"},
    {file = "djc_core_html_parser-1.0.2-cp38-cp38-manylinux_2_17_x86_64.manylinux2014_x86_64.whl", hash = "sha256:a4fe51a69fb3493c5214e14a29eb9802f2f52e83e46c96ebcefc1f9f3c15904e"},
    {file = "djc_core_html_parser-1.0.2-cp38-cp38-manylinux_2_5_i686.manylinux1_i686.whl", hash = "sha256:32b8198febd9051de438115a201cbf7c5ffcc24f7022ac9fcd7076700f6efd96"},
    {file = "djc_core_html_parser-1.0.2-cp38-cp38-musllinux_1_2_aarch64.whl", hash = "sha256:6689f1459190378786f0862a1276409944cd228039071ccdc585f63c6e309962"},
    {file = "djc_core_html_parser-1.0.2-cp38-cp38-musllinux_1_2_armv7l.whl", hash = "sha256:ae5d377ae081bcd2fa5ec0aba704dcbf488c44110d44f179b1e381996a35f42d"},
    {file = "djc_core_html_parser-1.0.2-cp38-cp38-musllinux_1_2_i686.whl", hash = "sha256:e9d449efccac6d6ab2148015f701e0373b799e689c1de8a15729971c492df0b9"},
    {file = "djc_core_html_parser-1.0.2-cp38-cp38-musllinux_1_2_x86_64.whl", hash = "sha256:eea365c45d74eaef2150c7062e08c80dbeb7dae8dffc57a3197a04c3107845c9"},
    {file = "djc_core_html_parser-1.0.2-cp38-cp38-win32.whl", hash = "sha256:d40502307f152fe5bdbf84a22cf21812400eeb7a326bd3f3b8d9b6d6137b393b"},
    {file = "djc_core_html_parser-1.0.2-cp38-cp38-win_amd64.whl", hash = "sha256:17b00e607adcda2b3484163ff7a946b1f0e3e31b332371b490ba744e287bf230"},
    {file = "djc_core_html_parser-1.0.2-cp39-cp39-manylinux_2_17_aarch64.manylinux2014_aarch64.whl", hash = "sha256:144301d55083a73b6a477daa022a00a718e6cf43da64ea3213a80d482cbcac9a"},
    {file = "djc_core_html_parser-1.0.2-cp39-cp39-manylinux_2_17_armv7l.manylinux2014_armv7l.whl", hash = "sha256:48cf223a7b072ba351fe07a35dad419bdb27faef5442fdcee94186dc0909773d"},
    {file = "djc_core_html_parser-1.0.2-cp39-cp39-manylinux_2_17_ppc64le.manylinux2014_ppc64le.whl", hash = "sha256:559b3f1aa0e084bd3256d6fde55365987db80da3328e0e2d987ce2f0c4ff0a08"},
    {file = "djc_core_html_parser-1.0.2-cp39-cp39-manylinux_2_17_s390x.manylinux2014_s390x.whl", hash = "sha256:f12346a2bdb7d18ccef375021c09e4343578676964fc7506c0758756f5c7bba8"},
    {file = "djc_core_html_parser-1.0.2-cp39-cp39-manylinux_2_17_x86_64.manylinux2014_x86_64.whl", hash = "sha256:f0b99467541521f3a293d66bf21d0186d1032eb4a9ea06624814b67abf19d21e"},
    {file = "djc_core_html_parser-1.0.2-cp39-cp39-manylinux_2_5_i686.manylinux1_i686.whl", hash = "sha256:bf913869b83091affc3cf5b2f7d0aa4ddb94ceb3430361ad80e7315283dd3643"},
    {file = "djc_core_html_parser-1.0.2-cp39-cp39-musllinux_1_2_aarch64.whl", hash = "sha256:b9ad07fb87655d907c50208d530bf82918cf0e6a638117c642f1def9d5e6c490"},
    {file = "djc_core_html_parser-1.0.2-cp39-cp39-musllinux_1_2_armv7l.whl", hash = "sha256:6e27a6618835a52d0efb38d68b081883d763adbb906a8de44d0e048ba5fe58d3"},
    {file = "djc_core_html_parser-1.0.2-cp39-cp39-musllinux_1_2_i686.whl", hash = "sha256:7a2ecb7495066274af53cd36f0952628d0e460f123e3b29eed1dfb565f618a31"},
    {file = "djc_core_html_parser-1.0.2-cp39-cp39-musllinux_1_2_x86_64.whl", hash = "sha256:17178daac1dad31e9958e8096f3e9ca666bd40ef2646cc2e616d71794143ded3"},
    {file = "djc_core_html_parser-1.0.2-cp39-cp39-win32.whl", hash = "sha256:a7c70181f6fea4ccb3da36feda193dde70700082b495e20b223bc7879bbe1a1e"},
    {file = "djc_core_html_parser-1.0.2-cp39-cp39-win_amd64.whl", hash = "sha256:451855ab1d543502faceade709100fb0d6af5244245a1bd53a08770498049a5d"},
    {file = "djc_core_html_parser-1.0.2-pp310-pypy310_pp73-manylinux_2_17_aarch64.manylinux2014_aarch64.whl", hash = "sha256:965d3930aec7036ffa6455580cae4ad2ce8d032d42a023b22721fe50b3cf2b68"},
    {file = "djc_core_html_parser-1.0.2-pp310-pypy310_pp73-manylinux_2_17_armv7l.manylinux2014_armv7l.whl", hash = "sha256:69ff725c88b695bb4a8f5a53d9c667c8bdb25353b251659ed9f1532317af80cd"},
    {file = "djc_core_html_parser-1.0.2-pp310-pypy310_pp73-manylinux_2_17_ppc64le.manylinux2014_ppc64le.whl", hash = "sha256:b0176fac47bee53348d207c021fd2829520fa853b8f1ee5a14642ec8aa1a8f13"},
    {file = "djc_core_html_parser-1.0.2-pp310-pypy310_pp73-manylinux_2_17_s390x.manylinux2014_s390x.whl", hash = "sha256:92cb11f1bc70e9dd0d37b6874240cb13dc58e4f8819139447e0d5a467ed34db5"},
    {file = "djc_core_html_parser-1.0.2-pp310-pypy310_pp73-manylinux_2_17_x86_64.manylinux2014_x86_64.whl", hash = "sha256:23a01aa0ac6d0e09527fc8c60b1ba88250448ff8d403ca84b21c11110ef6a850"},
    {file = "djc_core_html_parser-1.0.2-pp310-pypy310_pp73-manylinux_2_5_i686.manylinux1_i686.whl", hash = "sha256:2be1a905b69a43036b200bf27f4c7b05c55ebeac06386b7528d582760adf02af"},
    {file = "djc_core_html_parser-1.0.2-pp310-pypy310_pp73-musllinux_1_2_aarch64.whl", hash = "sha256:1902906f6afcefe83a009b454c8eb4b877f1dcc1faea997ff2800d8d5f56edd9"},
    {file = "djc_core_html_parser-1.0.2-pp310-pypy310_pp73-musllinux_1_2_armv7l.whl", hash = "sha256:a6761de2fd4d8c81d54eac2003db27190a58b6ad1dc6b3f046ddbef2fda47da5"},
    {file = "djc_core_html_parser-1.0.2-pp310-pypy310_pp73-musllinux_1_2_i686.whl", hash = "sha256:cbec56f3e2353c3fa8557d1501c9e136814fe22eb781b046266e560c1a5cf460"},
    {file = "djc_core_html_parser-1.0.2-pp310-pypy310_pp73-musllinux_1_2_x86_64.whl", hash = "sha256:b5c17397277a11dbd9122e0adcd128faa578965067e5e7b8989e22e86c0ceb3f"},
    {file = "djc_core_html_parser-1.0.2-pp311-pypy311_pp73-manylinux_2_17_aarch64.manylinux2014_aarch64.whl", hash = "sha256:aa6d6d65a9d5fc61766b27ae9696d2c72ef10b8748c6462c02208421d51beafa"},
    {file = "djc_core_html_parser-1.0.2-pp311-pypy311_pp73-manylinux_2_17_armv7l.manylinux2014_armv7l.whl", hash = "sha256:e855697d056accc673a4fe8315afeb0b8e559df9254a1c7dff75b582cdda0a01"},
    {file = "djc_core_html_parser-1.0.2-pp311-pypy311_pp73-manylinux_2_17_ppc64le.manylinux2014_ppc64le.whl", hash = "sha256:4e8dc0b09e88ae22bde7ec782f7229ef46c9d2e3008bfd9930f64ef4633e1812"},
    {file = "djc_core_html_parser-1.0.2-pp311-pypy311_pp73-manylinux_2_17_s390x.manylinux2014_s390x.whl", hash = "sha256:cbcd39893c519fa3b76db8e7814665530afdb1704d21e69f98640aa6f434e7c4"},
    {file = "djc_core_html_parser-1.0.2-pp311-pypy311_pp73-manylinux_2_17_x86_64.manylinux2014_x86_64.whl", hash = "sha256:eb1c5ea485da45b195fdf4533f49b572248bf2dc9782811399da02935c2b6d70"},
    {file = "djc_core_html_parser-1.0.2-pp311-pypy311_pp73-manylinux_2_5_i686.manylinux1_i686.whl", hash = "sha256:056f086727b1ae3ece508030dbd184b201b516b5c43cdc80abbc34b8ca510dfc"},
    {file = "djc_core_html_parser-1.0.2-pp311-pypy311_pp73-musllinux_1_2_aarch64.whl", hash = "sha256:13c58ab35cc90375e6e662b9581ad787e135a123e0f81b5e7c3dbb64ef8f703d"},
    {file = "djc_core_html_parser-1.0.2-pp311-pypy311_pp73-musllinux_1_2_armv7l.whl", hash = "sha256:fb075f604578440bbefcaf68f586065d48acc591889aa5fd4b08eda84c695cfd"},
    {file = "djc_core_html_parser-1.0.2-pp311-pypy311_pp73-musllinux_1_2_i686.whl", hash = "sha256:b66c867d99678536c3a0cf80fe19ffe02fb8a128d32689869a4a84c0559e5f71"},
    {file = "djc_core_html_parser-1.0.2-pp311-pypy311_pp73-musllinux_1_2_x86_64.whl", hash = "sha256:913e6b1432c5b2f81e6233ccbaae85727db599e240b536ee81a674c476704e6e"},
    {file = "djc_core_html_parser-1.0.2-pp38-pypy38_pp73-manylinux_2_17_aarch64.manylinux2014_aarch64.whl", hash = "sha256:ba3f8e617372ae42afffe780b4373b545d784f56706e60d8b449def2bc794973"},
    {file = "djc_core_html_parser-1.0.2-pp38-pypy38_pp73-manylinux_2_17_armv7l.manylinux2014_armv7l.whl", hash = "sha256:327318fb0f9973ac5e25605c7184d58f4c06c2e5d16f070e3a8bdf30911e3aa8"},
    {file = "djc_core_html_parser-1.0.2-pp38-pypy38_pp73-manylinux_2_17_ppc64le.manylinux2014_ppc64le.whl", hash = "sha256:a82433417193f6c4e0531c647c0dbd9c8111afa7a9177361b14e8ba5af712302"},
    {file = "djc_core_html_parser-1.0.2-pp38-pypy38_pp73-manylinux_2_17_s390x.manylinux2014_s390x.whl", hash = "sha256:48e54cf402127c8f05102cfd283b118521ff124597943bfad6c04e3d4e6d9bca"},
    {file = "djc_core_html_parser-1.0.2-pp38-pypy38_pp73-musllinux_1_2_aarch64.whl", hash = "sha256:d4402e31093ce7de7e964ae3ca705971e7a9c587909baeec9fff8fa68f8acea8"},
    {file = "djc_core_html_parser-1.0.2-pp38-pypy38_pp73-musllinux_1_2_armv7l.whl", hash = "sha256:06f7e01cdfe682d336e65327bb775d4b6639cb14f1ba6151f0dc72ef38993586"},
    {file = "djc_core_html_parser-1.0.2-pp38-pypy38_pp73-musllinux_1_2_i686.whl", hash = "sha256:080b96bc781956ce801def473a4bcfce5d0dd4cc25757661f5897f36542ee09a"},
    {file = "djc_core_html_parser-1.0.2-pp38-pypy38_pp73-musllinux_1_2_x86_64.whl", hash = "sha256:b02d02401e8a3a012d137b5e6e647a11b74391fae4fb5eaaffc0b4a4b058c9c4"},
    {file = "djc_core_html_parser-1.0.2-pp39-pypy39_pp73-manylinux_2_17_aarch64.manylinux2014_aarch64.whl", hash = "sha256:6e70931b3e37e4c6d1177ccc3cab00fd210fe2bebea53dfef6aebc691553016e"},
    {file = "djc_core_html_parser-1.0.2-pp39-pypy39_pp73-manylinux_2_17_armv7l.manylinux2014_armv7l.whl", hash = "sha256:14885a94f50504f67b3d511e35973b43447e4a730671ac40242cf67152bf0371"},
    {file = "djc_core_html_parser-1.0.2-pp39-pypy39_pp73-manylinux_2_17_ppc64le.manylinux2014_ppc64le.whl", hash = "sha256:089332400a8a3a5dbd97c18330fade47c7ca54ce14f0fd4b4b7d9cc71597c7ea"},
    {file = "djc_core_html_parser-1.0.2-pp39-pypy39_pp73-manylinux_2_17_s390x.manylinux2014_s390x.whl", hash = "sha256:fae4fac07a167e3ea8b6cd6fe8e211cfc8eb104e9b09bd1cc5a6bc7208a18a33"},
    {file = "djc_core_html_parser-1.0.2-pp39-pypy39_pp73-musllinux_1_2_aarch64.whl", hash = "sha256:5de4a7ddbffba06b5a1241e37edc6cdef8b4257269b993f10ab1ca068ff99533"},
    {file = "djc_core_html_parser-1.0.2-pp39-pypy39_pp73-musllinux_1_2_armv7l.whl", hash = "sha256:2e9a83b22cf51faa93e3d9465510daed536c7bd4cd305ab8260b88cfcb2dcd97"},
    {file = "djc_core_html_parser-1.0.2-pp39-pypy39_pp73-musllinux_1_2_i686.whl", hash = "sha256:e3f16d05e2d7dead02d9a38397310ba7122f8cf83e4fae60da9d1c908f7fbc14"},
    {file = "djc_core_html_parser-1.0.2-pp39-pypy39_pp73-musllinux_1_2_x86_64.whl", hash = "sha256:63c05eff681f66f3f7fd98f0ee032901fa6eedfd1f09c198c73753efbcdbfb67"},
    {file = "djc_core_html_parser-1.0.2.tar.gz", hash = "sha256:8e98741832b1c0c36348022107d9536c466a952c8f07343f3632165db6f393c2"},
]

[[package]]
name = "gunicorn"
version = "23.0.0"
description = "WSGI HTTP Server for UNIX"
optional = false
python-versions = ">=3.7"
groups = ["main"]
files = [
    {file = "gunicorn-23.0.0-py3-none-any.whl", hash = "sha256:ec400d38950de4dfd418cff8328b2c8faed0edb0d517d3394e457c317908ca4d"},
    {file = "gunicorn-23.0.0.tar.gz", hash = "sha256:f014447a0101dc57e294f6c18ca6b40227a4c90e9bdb586042628030cba004ec"},
]

[package.dependencies]
packaging = "*"

[package.extras]
eventlet = ["eventlet (>=0.24.1,!=0.36.0)"]
gevent = ["gevent (>=1.4.0)"]
setproctitle = ["setproctitle"]
testing = ["coverage", "eventlet", "gevent", "pytest", "pytest-cov"]
tornado = ["tornado (>=0.2)"]

[[package]]
name = "packaging"
version = "25.0"
description = "Core utilities for Python packages"
optional = false
python-versions = ">=3.8"
groups = ["main"]
files = [
    {file = "packaging-25.0-py3-none-any.whl", hash = "sha256:29572ef2b1f17581046b3a2227d5c611fb25ec70ca1ba8554b24b0e69331a484"},
    {file = "packaging-25.0.tar.gz", hash = "sha256:d443872c98d677bf60f6a1f2f8c1cb748e8fe762d2bf9d3148b5599295b0fc4f"},
]

[[package]]
name = "pytailwindcss"
version = "0.2.0"
description = "Standalone Tailwind CSS CLI, installable via pip. Use Tailwind CSS without Node.js."
optional = false
python-versions = ">=3.8,<4.0"
groups = ["main"]
files = [
    {file = "pytailwindcss-0.2.0-py3-none-any.whl", hash = "sha256:30e7bd3b78de19a39a7e66329db02d393ee540f010924397b4d780e85041fae4"},
    {file = "pytailwindcss-0.2.0.tar.gz", hash = "sha256:112718583a33f42c57b2718270dd0e0605574da0023cab4829fad3a98ebe450b"},
]

[[package]]
name = "python-dotenv"
version = "1.1.0"
description = "Read key-value pairs from a .env file and set them as environment variables"
optional = false
python-versions = ">=3.9"
groups = ["main"]
files = [
    {file = "python_dotenv-1.1.0-py3-none-any.whl", hash = "sha256:d7c01d9e2293916c18baf562d95698754b0dbbb5e74d457c45d4f6561fb9d55d"},
    {file = "python_dotenv-1.1.0.tar.gz", hash = "sha256:41f90bc6f5f177fb41f53e87666db362025010eb28f60a01c9143bfa33a2b2d5"},
]

[package.extras]
cli = ["click (>=5.0)"]

[[package]]
name = "sqlparse"
version = "0.5.3"
description = "A non-validating SQL parser."
optional = false
python-versions = ">=3.8"
groups = ["main"]
files = [
    {file = "sqlparse-0.5.3-py3-none-any.whl", hash = "sha256:cf2196ed3418f3ba5de6af7e82c694a9fbdbfecccdfc72e281548517081f16ca"},
    {file = "sqlparse-0.5.3.tar.gz", hash = "sha256:09f67787f56a0b16ecdbde1bfc7f5d9c3371ca683cfeaa8e6ff60b4807ec9272"},
]

[package.extras]
dev = ["build", "hatch"]
doc = ["sphinx"]

[[package]]
name = "typing-extensions"
version = "4.13.0"
description = "Backported and Experimental Type Hints for Python 3.8+"
optional = false
python-versions = ">=3.8"
groups = ["main"]
markers = "python_version == \"3.10\""
files = [
    {file = "typing_extensions-4.13.0-py3-none-any.whl", hash = "sha256:c8dd92cc0d6425a97c18fbb9d1954e5ff92c1ca881a309c45f06ebc0b79058e5"},
    {file = "typing_extensions-4.13.0.tar.gz", hash = "sha256:0a4ac55a5820789d87e297727d229866c9650f6521b64206413c4fbada24d95b"},
]

[[package]]
name = "tzdata"
version = "2025.2"
description = "Provider of IANA time zone data"
optional = false
python-versions = ">=2"
groups = ["main"]
markers = "sys_platform == \"win32\""
files = [
    {file = "tzdata-2025.2-py2.py3-none-any.whl", hash = "sha256:1a403fada01ff9221ca8044d701868fa132215d84beb92242d9acd2147f667a8"},
    {file = "tzdata-2025.2.tar.gz", hash = "sha256:b60a638fcc0daffadf82fe0f57e53d06bdec2f36c4df66280ae79bce6bd6f2b9"},
]

[metadata]
lock-version = "2.1"
python-versions = ">=3.10,<4.0"
content-hash = "278e7bafff8de5fefe8d40e9c940544887cd1eb7ce0a04a4e8b9f23f9dd267ac"
